{
    "version": 3,
    "terraform_version": "0.7.4",
    "serial": 12,
    "lineage": "3801c9ce-8a2b-4020-933d-339739987301",
    "modules": [
        {
            "path": [
                "root"
            ],
            "outputs": {},
            "resources": {
                "google_compute_firewall.default": {
                    "type": "google_compute_firewall",
                    "depends_on": [
                        "google_compute_network.default"
                    ],
                    "primary": {
                        "id": "ssh",
                        "attributes": {
                            "allow.#": "2",
                            "allow.1367131964.ports.#": "0",
                            "allow.1367131964.protocol": "icmp",
                            "allow.803338340.ports.#": "1",
                            "allow.803338340.ports.0": "22",
                            "allow.803338340.protocol": "tcp",
                            "description": "",
                            "id": "ssh",
                            "name": "ssh",
                            "network": "example",
                            "project": "modular-asset-145402",
                            "self_link": "https://www.googleapis.com/compute/v1/projects/modular-asset-145402/global/firewalls/ssh",
                            "source_ranges.#": "1",
                            "source_ranges.1080289494": "0.0.0.0/0",
                            "source_tags.#": "0",
                            "target_tags.#": "0"
                        },
                        "meta": {
                            "schema_version": "1"
                        },
                        "tainted": false
                    },
                    "deposed": [],
                    "provider": ""
                },
                "google_compute_network.default": {
                    "type": "google_compute_network",
                    "depends_on": [],
                    "primary": {
                        "id": "example",
                        "attributes": {
                            "auto_create_subnetworks": "false",
                            "gateway_ipv4": "",
                            "id": "example",
                            "name": "example",
                            "self_link": "https://www.googleapis.com/compute/v1/projects/modular-asset-145402/global/networks/example"
                        },
                        "meta": {},
                        "tainted": false
                    },
                    "deposed": [],
                    "provider": ""
                },
                "google_compute_subnetwork.default": {
                    "type": "google_compute_subnetwork",
                    "depends_on": [
                        "google_compute_network.default"
                    ],
                    "primary": {
                        "id": "us-central1/sub01",
                        "attributes": {
                            "gateway_address": "10.0.0.1",
                            "id": "us-central1/sub01",
                            "ip_cidr_range": "10.0.0.0/16",
                            "name": "sub01",
                            "network": "https://www.googleapis.com/compute/v1/projects/modular-asset-145402/global/networks/example",
                            "self_link": "https://www.googleapis.com/compute/v1/projects/modular-asset-145402/regions/us-central1/subnetworks/sub01"
                        },
                        "meta": {},
                        "tainted": false
                    },
                    "deposed": [],
                    "provider": ""
                }
            },
            "depends_on": []
        }
    ]
}
